
Microsoft Visual Studio Solution File, Format Version 12.00
# Visual Studio 15
VisualStudioVersion = 15.0.28010.2026
MinimumVisualStudioVersion = 10.0.40219.1
Project("{FAE04EC0-301F-11D3-BF4B-00C04F79EFBC}") = "AppVectores", "AppVectores\AppVectores.csproj", "{DA8A110C-76FD-4821-A437-CC76036D32D8}"
EndProject
Global
	GlobalSection(SolutionConfigurationPlatforms) = preSolution
		Debug|Any CPU = Debug|Any CPU
		Release|Any CPU = Release|Any CPU
	EndGlobalSection
	GlobalSection(ProjectConfigurationPlatforms) = postSolution
		{DA8A110C-76FD-4821-A437-CC76036D32D8}.Debug|Any CPU.ActiveCfg = Debug|Any CPU
		{DA8A110C-76FD-4821-A437-CC76036D32D8}.Debug|Any CPU.Build.0 = Debug|Any CPU
		{DA8A110C-76FD-4821-A437-CC76036D32D8}.Release|Any CPU.ActiveCfg = Release|Any CPU
		{DA8A110C-76FD-4821-A437-CC76036D32D8}.Release|Any CPU.Build.0 = Release|Any CPU
	EndGlobalSection
	GlobalSection(SolutionProperties) = preSolution
		HideSolutionNode = FALSE
	EndGlobalSection
	GlobalSection(ExtensibilityGlobals) = postSolution
		SolutionGuid = {A26A732D-C3C6-4629-9C89-78B497CD49B3}
	EndGlobalSection
EndGlobal
